
Microsoft Visual Studio Solution File, Format Version 12.00
# Visual Studio Version 17
VisualStudioVersion = 17.0.31903.59
MinimumVisualStudioVersion = 10.0.40219.1
Project("{8BC9CEB8-8B4A-11D0-8D11-00A0C91BC942}") = "Eternal_despair_anti_social", "Eternal_despair_anti_social\Eternal_despair_anti_social.vcxproj", "{5B0F8051-9F79-4B73-966E-BF33E7562424}"
EndProject
Global
	GlobalSection(SolutionConfigurationPlatforms) = preSolution
		Debug|x64 = Debug|x64
		Debug|x86 = Debug|x86
		Release|x64 = Release|x64
		Release|x86 = Release|x86
	EndGlobalSection
	GlobalSection(ProjectConfigurationPlatforms) = postSolution
		{5B0F8051-9F79-4B73-966E-BF33E7562424}.Debug|x64.ActiveCfg = Debug|x64
		{5B0F8051-9F79-4B73-966E-BF33E7562424}.Debug|x64.Build.0 = Debug|x64
		{5B0F8051-9F79-4B73-966E-BF33E7562424}.Debug|x86.ActiveCfg = Debug|Win32
		{5B0F8051-9F79-4B73-966E-BF33E7562424}.Debug|x86.Build.0 = Debug|Win32
		{5B0F8051-9F79-4B73-966E-BF33E7562424}.Release|x64.ActiveCfg = Release|x64
		{5B0F8051-9F79-4B73-966E-BF33E7562424}.Release|x64.Build.0 = Release|x64
		{5B0F8051-9F79-4B73-966E-BF33E7562424}.Release|x86.ActiveCfg = Release|Win32
		{5B0F8051-9F79-4B73-966E-BF33E7562424}.Release|x86.Build.0 = Release|Win32
	EndGlobalSection
	GlobalSection(SolutionProperties) = preSolution
		HideSolutionNode = FALSE
	EndGlobalSection
	GlobalSection(ExtensibilityGlobals) = postSolution
		SolutionGuid = {0063EBD3-7FFC-4480-ABD8-D10D15FFF1EB}
	EndGlobalSection
EndGlobal
